
Microsoft Visual Studio Solution File, Format Version 12.00
# Visual Studio Version 17
VisualStudioVersion = 17.0.31903.59
MinimumVisualStudioVersion = 10.0.40219.1
Project("{FAE04EC0-301F-11D3-BF4B-00C04F79EFBC}") = "BlazorApp1.Server", "BlazorApp1\Server\BlazorApp1.Server.csproj", "{C0C5E8B7-15CB-4B11-8513-1EEC37773D5E}"
EndProject
Project("{FAE04EC0-301F-11D3-BF4B-00C04F79EFBC}") = "BlazorApp1.Client", "BlazorApp1\Client\BlazorApp1.Client.csproj", "{AE949B64-7721-47D9-A678-2D3B45E04089}"
EndProject
Project("{FAE04EC0-301F-11D3-BF4B-00C04F79EFBC}") = "BlazorApp1.Shared", "BlazorApp1\Shared\BlazorApp1.Shared.csproj", "{9B2A3A4D-21B0-4682-9FBE-492F540B797A}"
EndProject
Global
	GlobalSection(SolutionConfigurationPlatforms) = preSolution
		Debug|Any CPU = Debug|Any CPU
		Release|Any CPU = Release|Any CPU
	EndGlobalSection
	GlobalSection(ProjectConfigurationPlatforms) = postSolution
		{C0C5E8B7-15CB-4B11-8513-1EEC37773D5E}.Debug|Any CPU.ActiveCfg = Debug|Any CPU
		{C0C5E8B7-15CB-4B11-8513-1EEC37773D5E}.Debug|Any CPU.Build.0 = Debug|Any CPU
		{C0C5E8B7-15CB-4B11-8513-1EEC37773D5E}.Release|Any CPU.ActiveCfg = Release|Any CPU
		{C0C5E8B7-15CB-4B11-8513-1EEC37773D5E}.Release|Any CPU.Build.0 = Release|Any CPU
		{AE949B64-7721-47D9-A678-2D3B45E04089}.Debug|Any CPU.ActiveCfg = Debug|Any CPU
		{AE949B64-7721-47D9-A678-2D3B45E04089}.Debug|Any CPU.Build.0 = Debug|Any CPU
		{AE949B64-7721-47D9-A678-2D3B45E04089}.Release|Any CPU.ActiveCfg = Release|Any CPU
		{AE949B64-7721-47D9-A678-2D3B45E04089}.Release|Any CPU.Build.0 = Release|Any CPU
		{9B2A3A4D-21B0-4682-9FBE-492F540B797A}.Debug|Any CPU.ActiveCfg = Debug|Any CPU
		{9B2A3A4D-21B0-4682-9FBE-492F540B797A}.Debug|Any CPU.Build.0 = Debug|Any CPU
		{9B2A3A4D-21B0-4682-9FBE-492F540B797A}.Release|Any CPU.ActiveCfg = Release|Any CPU
		{9B2A3A4D-21B0-4682-9FBE-492F540B797A}.Release|Any CPU.Build.0 = Release|Any CPU
	EndGlobalSection
	GlobalSection(SolutionProperties) = preSolution
		HideSolutionNode = FALSE
	EndGlobalSection
EndGlobal
